{
  "name": "jxy-precommit",
  "version": "1.0.6",
  "lockfileVersion": 2,
  "requires": true,
  "packages": {
    "": {
      "name": "jxy-precommit",
      "version": "1.0.6",
      "license": "ISC",
      "bin": {
        "jxy-precommit": "bin/pre-commit"
      },
      "devDependencies": {
        "jxy-precommit": "^1.0.6"
      }
    },
    "node_modules/jxy-precommit": {
      "version": "1.0.6",
      "resolved": "https://registry.npmjs.org/jxy-precommit/-/jxy-precommit-1.0.6.tgz",
      "integrity": "sha512-MTRWmzblSQo3AfJO9VtPT9r17WfxZxVjd0C58ysUNGXk9iDrMLV+Ghcip8lIw/mqZbxU7bqRp8H8LwZwjXES4A==",
      "dev": true,
      "bin": {
        "jxy-precommit": "bin/pre-commit"
      }
    }
  },
  "dependencies": {
    "jxy-precommit": {
      "version": "1.0.6",
      "resolved": "https://registry.npmjs.org/jxy-precommit/-/jxy-precommit-1.0.6.tgz",
      "integrity": "sha512-MTRWmzblSQo3AfJO9VtPT9r17WfxZxVjd0C58ysUNGXk9iDrMLV+Ghcip8lIw/mqZbxU7bqRp8H8LwZwjXES4A==",
      "dev": true
    }
  }
}
